// !$*UTF8*$!
{
	archiveVersion = 1;
	classes = {
	};
	objectVersion = 46;
	objects = {

/* Begin PBXBuildFile section */
		0E25E4A8A6AAB460BDD840CD /* Pods_BirthdaySnapTests.framework in Frameworks */ = {isa = PBXBuildFile; fileRef = DF541E2F794D788CFEF6C102 /* Pods_BirthdaySnapTests.framework */; };
		E60DCFBD1CD3163E00A28201 /* FlickrTests.swift in Sources */ = {isa = PBXBuildFile; fileRef = E60DCFBC1CD3163E00A28201 /* FlickrTests.swift */; };
		E60DCFBF1CD316C800A28201 /* Flickr.swift in Sources */ = {isa = PBXBuildFile; fileRef = E60DCFBE1CD316C800A28201 /* Flickr.swift */; };
		E6184BC01CD3284000ECB8E1 /* Constants.swift in Sources */ = {isa = PBXBuildFile; fileRef = E6184BBF1CD3284000ECB8E1 /* Constants.swift */; };
		E61970001CD5667B007C0565 /* DetailViewController.swift in Sources */ = {isa = PBXBuildFile; fileRef = E6196FFF1CD5667B007C0565 /* DetailViewController.swift */; };
		E61970021CD567E8007C0565 /* DetailCollectionViewCell.swift in Sources */ = {isa = PBXBuildFile; fileRef = E61970011CD567E8007C0565 /* DetailCollectionViewCell.swift */; };
		E655B0111CD3FAF600670740 /* PhotosViewController.swift in Sources */ = {isa = PBXBuildFile; fileRef = E655B0101CD3FAF600670740 /* PhotosViewController.swift */; };
		E655B0131CD4073700670740 /* PhotosCollectionViewCell.swift in Sources */ = {isa = PBXBuildFile; fileRef = E655B0121CD4073700670740 /* PhotosCollectionViewCell.swift */; };
		E6833C39140ACC9E2A991CE8 /* Pods_BirthdaySnap.framework in Frameworks */ = {isa = PBXBuildFile; fileRef = 95EAE3D0B5373E0CD7D8837D /* Pods_BirthdaySnap.framework */; };
		E683DFC51CD3143F00835FFC /* AppDelegate.swift in Sources */ = {isa = PBXBuildFile; fileRef = E683DFC41CD3143F00835FFC /* AppDelegate.swift */; };
		E683DFCC1CD3143F00835FFC /* Assets.xcassets in Resources */ = {isa = PBXBuildFile; fileRef = E683DFCB1CD3143F00835FFC /* Assets.xcassets */; };
		E683DFCF1CD3143F00835FFC /* LaunchScreen.storyboard in Resources */ = {isa = PBXBuildFile; fileRef = E683DFCD1CD3143F00835FFC /* LaunchScreen.storyboard */; };
		E683DFDA1CD3143F00835FFC /* BirthdaySnapTests.swift in Sources */ = {isa = PBXBuildFile; fileRef = E683DFD91CD3143F00835FFC /* BirthdaySnapTests.swift */; };
		E683DFE51CD3143F00835FFC /* BirthdaySnapUITests.swift in Sources */ = {isa = PBXBuildFile; fileRef = E683DFE41CD3143F00835FFC /* BirthdaySnapUITests.swift */; };
		FF152A0B1052E281FCE59362 /* Pods_BirthdaySnapUITests.framework in Frameworks */ = {isa = PBXBuildFile; fileRef = 175B632FF8C21BEEA9F06C2D /* Pods_BirthdaySnapUITests.framework */; };
/* End PBXBuildFile section */

/* Begin PBXContainerItemProxy section */
		E683DFD61CD3143F00835FFC /* PBXContainerItemProxy */ = {
			isa = PBXContainerItemProxy;
			containerPortal = E683DFB91CD3143F00835FFC /* Project object */;
			proxyType = 1;
			remoteGlobalIDString = E683DFC01CD3143F00835FFC;
			remoteInfo = BirthdaySnap;
		};
		E683DFE11CD3143F00835FFC /* PBXContainerItemProxy */ = {
			isa = PBXContainerItemProxy;
			containerPortal = E683DFB91CD3143F00835FFC /* Project object */;
			proxyType = 1;
			remoteGlobalIDString = E683DFC01CD3143F00835FFC;
			remoteInfo = BirthdaySnap;
		};
/* End PBXContainerItemProxy section */

/* Begin PBXFileReference section */
		175B632FF8C21BEEA9F06C2D /* Pods_BirthdaySnapUITests.framework */ = {isa = PBXFileReference; explicitFileType = wrapper.framework; includeInIndex = 0; path = Pods_BirthdaySnapUITests.framework; sourceTree = BUILT_PRODUCTS_DIR; };
		4593C76A915DB7F526CAAA58 /* Pods-BirthdaySnapTests.debug.xcconfig */ = {isa = PBXFileReference; includeInIndex = 1; lastKnownFileType = text.xcconfig; name = "Pods-BirthdaySnapTests.debug.xcconfig"; path = "Pods/Target Support Files/Pods-BirthdaySnapTests/Pods-BirthdaySnapTests.debug.xcconfig"; sourceTree = "<group>"; };
		4DD450A103AD01B1837C9BAF /* Pods-BirthdaySnapUITests.release.xcconfig */ = {isa = PBXFileReference; includeInIndex = 1; lastKnownFileType = text.xcconfig; name = "Pods-BirthdaySnapUITests.release.xcconfig"; path = "Pods/Target Support Files/Pods-BirthdaySnapUITests/Pods-BirthdaySnapUITests.release.xcconfig"; sourceTree = "<group>"; };
		70577977A7CDA81C89F1BD59 /* Pods-BirthdaySnapTests.release.xcconfig */ = {isa = PBXFileReference; includeInIndex = 1; lastKnownFileType = text.xcconfig; name = "Pods-BirthdaySnapTests.release.xcconfig"; path = "Pods/Target Support Files/Pods-BirthdaySnapTests/Pods-BirthdaySnapTests.release.xcconfig"; sourceTree = "<group>"; };
		95415916F31A68C06E874C81 /* Pods-BirthdaySnap.release.xcconfig */ = {isa = PBXFileReference; includeInIndex = 1; lastKnownFileType = text.xcconfig; name = "Pods-BirthdaySnap.release.xcconfig"; path = "Pods/Target Support Files/Pods-BirthdaySnap/Pods-BirthdaySnap.release.xcconfig"; sourceTree = "<group>"; };
		95EAE3D0B5373E0CD7D8837D /* Pods_BirthdaySnap.framework */ = {isa = PBXFileReference; explicitFileType = wrapper.framework; includeInIndex = 0; path = Pods_BirthdaySnap.framework; sourceTree = BUILT_PRODUCTS_DIR; };
		A3F8E7711F2256A928A894B1 /* Pods-BirthdaySnapUITests.debug.xcconfig */ = {isa = PBXFileReference; includeInIndex = 1; lastKnownFileType = text.xcconfig; name = "Pods-BirthdaySnapUITests.debug.xcconfig"; path = "Pods/Target Support Files/Pods-BirthdaySnapUITests/Pods-BirthdaySnapUITests.debug.xcconfig"; sourceTree = "<group>"; };
		DF541E2F794D788CFEF6C102 /* Pods_BirthdaySnapTests.framework */ = {isa = PBXFileReference; explicitFileType = wrapper.framework; includeInIndex = 0; path = Pods_BirthdaySnapTests.framework; sourceTree = BUILT_PRODUCTS_DIR; };
		E3B775DA6C23F3454634B1DA /* Pods-BirthdaySnap.debug.xcconfig */ = {isa = PBXFileReference; includeInIndex = 1; lastKnownFileType = text.xcconfig; name = "Pods-BirthdaySnap.debug.xcconfig"; path = "Pods/Target Support Files/Pods-BirthdaySnap/Pods-BirthdaySnap.debug.xcconfig"; sourceTree = "<group>"; };
		E60DCFBC1CD3163E00A28201 /* FlickrTests.swift */ = {isa = PBXFileReference; fileEncoding = 4; lastKnownFileType = sourcecode.swift; path = FlickrTests.swift; sourceTree = "<group>"; };
		E60DCFBE1CD316C800A28201 /* Flickr.swift */ = {isa = PBXFileReference; fileEncoding = 4; lastKnownFileType = sourcecode.swift; path = Flickr.swift; sourceTree = "<group>"; };
		E6184BBF1CD3284000ECB8E1 /* Constants.swift */ = {isa = PBXFileReference; fileEncoding = 4; lastKnownFileType = sourcecode.swift; path = Constants.swift; sourceTree = "<group>"; };
		E6196FFF1CD5667B007C0565 /* DetailViewController.swift */ = {isa = PBXFileReference; fileEncoding = 4; lastKnownFileType = sourcecode.swift; path = DetailViewController.swift; sourceTree = "<group>"; };
		E61970011CD567E8007C0565 /* DetailCollectionViewCell.swift */ = {isa = PBXFileReference; fileEncoding = 4; lastKnownFileType = sourcecode.swift; path = DetailCollectionViewCell.swift; sourceTree = "<group>"; };
		E655B0101CD3FAF600670740 /* PhotosViewController.swift */ = {isa = PBXFileReference; fileEncoding = 4; lastKnownFileType = sourcecode.swift; path = PhotosViewController.swift; sourceTree = "<group>"; };
		E655B0121CD4073700670740 /* PhotosCollectionViewCell.swift */ = {isa = PBXFileReference; fileEncoding = 4; lastKnownFileType = sourcecode.swift; path = PhotosCollectionViewCell.swift; sourceTree = "<group>"; };
		E683DFC11CD3143F00835FFC /* BirthdaySnap.app */ = {isa = PBXFileReference; explicitFileType = wrapper.application; includeInIndex = 0; path = BirthdaySnap.app; sourceTree = BUILT_PRODUCTS_DIR; };
		E683DFC41CD3143F00835FFC /* AppDelegate.swift */ = {isa = PBXFileReference; lastKnownFileType = sourcecode.swift; path = AppDelegate.swift; sourceTree = "<group>"; };
		E683DFCB1CD3143F00835FFC /* Assets.xcassets */ = {isa = PBXFileReference; lastKnownFileType = folder.assetcatalog; path = Assets.xcassets; sourceTree = "<group>"; };
		E683DFCE1CD3143F00835FFC /* Base */ = {isa = PBXFileReference; lastKnownFileType = file.storyboard; name = Base; path = Base.lproj/LaunchScreen.storyboard; sourceTree = "<group>"; };
		E683DFD01CD3143F00835FFC /* Info.plist */ = {isa = PBXFileReference; lastKnownFileType = text.plist.xml; path = Info.plist; sourceTree = "<group>"; };
		E683DFD51CD3143F00835FFC /* BirthdaySnapTests.xctest */ = {isa = PBXFileReference; explicitFileType = wrapper.cfbundle; includeInIndex = 0; path = BirthdaySnapTests.xctest; sourceTree = BUILT_PRODUCTS_DIR; };
		E683DFD91CD3143F00835FFC /* BirthdaySnapTests.swift */ = {isa = PBXFileReference; lastKnownFileType = sourcecode.swift; path = BirthdaySnapTests.swift; sourceTree = "<group>"; };
		E683DFDB1CD3143F00835FFC /* Info.plist */ = {isa = PBXFileReference; lastKnownFileType = text.plist.xml; path = Info.plist; sourceTree = "<group>"; };
		E683DFE01CD3143F00835FFC /* BirthdaySnapUITests.xctest */ = {isa = PBXFileReference; explicitFileType = wrapper.cfbundle; includeInIndex = 0; path = BirthdaySnapUITests.xctest; sourceTree = BUILT_PRODUCTS_DIR; };
		E683DFE41CD3143F00835FFC /* BirthdaySnapUITests.swift */ = {isa = PBXFileReference; lastKnownFileType = sourcecode.swift; path = BirthdaySnapUITests.swift; sourceTree = "<group>"; };
		E683DFE61CD3143F00835FFC /* Info.plist */ = {isa = PBXFileReference; lastKnownFileType = text.plist.xml; path = Info.plist; sourceTree = "<group>"; };
/* End PBXFileReference section */

/* Begin PBXFrameworksBuildPhase section */
		E683DFBE1CD3143F00835FFC /* Frameworks */ = {
			isa = PBXFrameworksBuildPhase;
			buildActionMask = 2147483647;
			files = (
				E6833C39140ACC9E2A991CE8 /* Pods_BirthdaySnap.framework in Frameworks */,
			);
			runOnlyForDeploymentPostprocessing = 0;
		};
		E683DFD21CD3143F00835FFC /* Frameworks */ = {
			isa = PBXFrameworksBuildPhase;
			buildActionMask = 2147483647;
			files = (
				0E25E4A8A6AAB460BDD840CD /* Pods_BirthdaySnapTests.framework in Frameworks */,
			);
			runOnlyForDeploymentPostprocessing = 0;
		};
		E683DFDD1CD3143F00835FFC /* Frameworks */ = {
			isa = PBXFrameworksBuildPhase;
			buildActionMask = 2147483647;
			files = (
				FF152A0B1052E281FCE59362 /* Pods_BirthdaySnapUITests.framework in Frameworks */,
			);
			runOnlyForDeploymentPostprocessing = 0;
		};
/* End PBXFrameworksBuildPhase section */

/* Begin PBXGroup section */
		36551AFFEFD131CD45330047 /* Pods */ = {
			isa = PBXGroup;
			children = (
				E3B775DA6C23F3454634B1DA /* Pods-BirthdaySnap.debug.xcconfig */,
				95415916F31A68C06E874C81 /* Pods-BirthdaySnap.release.xcconfig */,
				4593C76A915DB7F526CAAA58 /* Pods-BirthdaySnapTests.debug.xcconfig */,
				70577977A7CDA81C89F1BD59 /* Pods-BirthdaySnapTests.release.xcconfig */,
				A3F8E7711F2256A928A894B1 /* Pods-BirthdaySnapUITests.debug.xcconfig */,
				4DD450A103AD01B1837C9BAF /* Pods-BirthdaySnapUITests.release.xcconfig */,
			);
			name = Pods;
			sourceTree = "<group>";
		};
		E683DFB81CD3143F00835FFC = {
			isa = PBXGroup;
			children = (
				E683DFC31CD3143F00835FFC /* BirthdaySnap */,
				E683DFD81CD3143F00835FFC /* BirthdaySnapTests */,
				E683DFE31CD3143F00835FFC /* BirthdaySnapUITests */,
				E683DFC21CD3143F00835FFC /* Products */,
				36551AFFEFD131CD45330047 /* Pods */,
				F0AFBDA7CDBE346D2BF77B52 /* Frameworks */,
			);
			sourceTree = "<group>";
		};
		E683DFC21CD3143F00835FFC /* Products */ = {
			isa = PBXGroup;
			children = (
				E683DFC11CD3143F00835FFC /* BirthdaySnap.app */,
				E683DFD51CD3143F00835FFC /* BirthdaySnapTests.xctest */,
				E683DFE01CD3143F00835FFC /* BirthdaySnapUITests.xctest */,
			);
			name = Products;
			sourceTree = "<group>";
		};
		E683DFC31CD3143F00835FFC /* BirthdaySnap */ = {
			isa = PBXGroup;
			children = (
				E6184BBF1CD3284000ECB8E1 /* Constants.swift */,
				E683DFC41CD3143F00835FFC /* AppDelegate.swift */,
				E655B0101CD3FAF600670740 /* PhotosViewController.swift */,
				E655B0121CD4073700670740 /* PhotosCollectionViewCell.swift */,
				E6196FFF1CD5667B007C0565 /* DetailViewController.swift */,
				E61970011CD567E8007C0565 /* DetailCollectionViewCell.swift */,
				E60DCFBE1CD316C800A28201 /* Flickr.swift */,
				E683DFCB1CD3143F00835FFC /* Assets.xcassets */,
				E683DFCD1CD3143F00835FFC /* LaunchScreen.storyboard */,
				E683DFD01CD3143F00835FFC /* Info.plist */,
			);
			path = BirthdaySnap;
			sourceTree = "<group>";
		};
		E683DFD81CD3143F00835FFC /* BirthdaySnapTests */ = {
			isa = PBXGroup;
			children = (
				E60DCFBC1CD3163E00A28201 /* FlickrTests.swift */,
				E683DFD91CD3143F00835FFC /* BirthdaySnapTests.swift */,
				E683DFDB1CD3143F00835FFC /* Info.plist */,
			);
			path = BirthdaySnapTests;
			sourceTree = "<group>";
		};
		E683DFE31CD3143F00835FFC /* BirthdaySnapUITests */ = {
			isa = PBXGroup;
			children = (
				E683DFE41CD3143F00835FFC /* BirthdaySnapUITests.swift */,
				E683DFE61CD3143F00835FFC /* Info.plist */,
			);
			path = BirthdaySnapUITests;
			sourceTree = "<group>";
		};
		F0AFBDA7CDBE346D2BF77B52 /* Frameworks */ = {
			isa = PBXGroup;
			children = (
				95EAE3D0B5373E0CD7D8837D /* Pods_BirthdaySnap.framework */,
				DF541E2F794D788CFEF6C102 /* Pods_BirthdaySnapTests.framework */,
				175B632FF8C21BEEA9F06C2D /* Pods_BirthdaySnapUITests.framework */,
			);
			name = Frameworks;
			sourceTree = "<group>";
		};
/* End PBXGroup section */

/* Begin PBXNativeTarget section */
		E683DFC01CD3143F00835FFC /* BirthdaySnap */ = {
			isa = PBXNativeTarget;
			buildConfigurationList = E683DFE91CD3143F00835FFC /* Build configuration list for PBXNativeTarget "BirthdaySnap" */;
			buildPhases = (
				7F80BC33514664C681EA2C72 /* Check Pods Manifest.lock */,
				E683DFBD1CD3143F00835FFC /* Sources */,
				E683DFBE1CD3143F00835FFC /* Frameworks */,
				E683DFBF1CD3143F00835FFC /* Resources */,
				331540994F3D9496D94B76DB /* Embed Pods Frameworks */,
				C083DA546061DC59AE98BB1B /* Copy Pods Resources */,
			);
			buildRules = (
			);
			dependencies = (
			);
			name = BirthdaySnap;
			productName = BirthdaySnap;
			productReference = E683DFC11CD3143F00835FFC /* BirthdaySnap.app */;
			productType = "com.apple.product-type.application";
		};
		E683DFD41CD3143F00835FFC /* BirthdaySnapTests */ = {
			isa = PBXNativeTarget;
			buildConfigurationList = E683DFEC1CD3143F00835FFC /* Build configuration list for PBXNativeTarget "BirthdaySnapTests" */;
			buildPhases = (
				13F80E05414D4F8C6293D909 /* Check Pods Manifest.lock */,
				E683DFD11CD3143F00835FFC /* Sources */,
				E683DFD21CD3143F00835FFC /* Frameworks */,
				E683DFD31CD3143F00835FFC /* Resources */,
				FB06D6D82D69FDF9AD74BFC6 /* Embed Pods Frameworks */,
				E5BB42CC672F2ACBB25A5648 /* Copy Pods Resources */,
			);
			buildRules = (
			);
			dependencies = (
				E683DFD71CD3143F00835FFC /* PBXTargetDependency */,
			);
			name = BirthdaySnapTests;
			productName = BirthdaySnapTests;
			productReference = E683DFD51CD3143F00835FFC /* BirthdaySnapTests.xctest */;
			productType = "com.apple.product-type.bundle.unit-test";
		};
		E683DFDF1CD3143F00835FFC /* BirthdaySnapUITests */ = {
			isa = PBXNativeTarget;
			buildConfigurationList = E683DFEF1CD3143F00835FFC /* Build configuration list for PBXNativeTarget "BirthdaySnapUITests" */;
			buildPhases = (
				7E2BC1E2FE19D56B7BDE8AF1 /* Check Pods Manifest.lock */,
				E683DFDC1CD3143F00835FFC /* Sources */,
				E683DFDD1CD3143F00835FFC /* Frameworks */,
				E683DFDE1CD3143F00835FFC /* Resources */,
				7E9170B5CF91F832B10B3DBE /* Copy Pods Resources */,
			);
			buildRules = (
			);
			dependencies = (
				E683DFE21CD3143F00835FFC /* PBXTargetDependency */,
			);
			name = BirthdaySnapUITests;
			productName = BirthdaySnapUITests;
			productReference = E683DFE01CD3143F00835FFC /* BirthdaySnapUITests.xctest */;
			productType = "com.apple.product-type.bundle.ui-testing";
		};
/* End PBXNativeTarget section */

/* Begin PBXProject section */
		E683DFB91CD3143F00835FFC /* Project object */ = {
			isa = PBXProject;
			attributes = {
				LastSwiftUpdateCheck = 0720;
				LastUpgradeCheck = 0720;
				ORGANIZATIONNAME = LawrenceTran;
				TargetAttributes = {
					E683DFC01CD3143F00835FFC = {
						CreatedOnToolsVersion = 7.2;
					};
					E683DFD41CD3143F00835FFC = {
						CreatedOnToolsVersion = 7.2;
						TestTargetID = E683DFC01CD3143F00835FFC;
					};
					E683DFDF1CD3143F00835FFC = {
						CreatedOnToolsVersion = 7.2;
						TestTargetID = E683DFC01CD3143F00835FFC;
					};
				};
			};
			buildConfigurationList = E683DFBC1CD3143F00835FFC /* Build configuration list for PBXProject "BirthdaySnap" */;
			compatibilityVersion = "Xcode 3.2";
			developmentRegion = English;
			hasScannedForEncodings = 0;
			knownRegions = (
				en,
				Base,
			);
			mainGroup = E683DFB81CD3143F00835FFC;
			productRefGroup = E683DFC21CD3143F00835FFC /* Products */;
			projectDirPath = "";
			projectRoot = "";
			targets = (
				E683DFC01CD3143F00835FFC /* BirthdaySnap */,
				E683DFD41CD3143F00835FFC /* BirthdaySnapTests */,
				E683DFDF1CD3143F00835FFC /* BirthdaySnapUITests */,
			);
		};
/* End PBXProject section */

/* Begin PBXResourcesBuildPhase section */
		E683DFBF1CD3143F00835FFC /* Resources */ = {
			isa = PBXResourcesBuildPhase;
			buildActionMask = 2147483647;
			files = (
				E683DFCF1CD3143F00835FFC /* LaunchScreen.storyboard in Resources */,
				E683DFCC1CD3143F00835FFC /* Assets.xcassets in Resources */,
			);
			runOnlyForDeploymentPostprocessing = 0;
		};
		E683DFD31CD3143F00835FFC /* Resources */ = {
			isa = PBXResourcesBuildPhase;
			buildActionMask = 2147483647;
			files = (
			);
			runOnlyForDeploymentPostprocessing = 0;
		};
		E683DFDE1CD3143F00835FFC /* Resources */ = {
			isa = PBXResourcesBuildPhase;
			buildActionMask = 2147483647;
			files = (
			);
			runOnlyForDeploymentPostprocessing = 0;
		};
/* End PBXResourcesBuildPhase section */

/* Begin PBXShellScriptBuildPhase section */
		13F80E05414D4F8C6293D909 /* Check Pods Manifest.lock */ = {
			isa = PBXShellScriptBuildPhase;
			buildActionMask = 2147483647;
			files = (
			);
			inputPaths = (
			);
			name = "Check Pods Manifest.lock";
			outputPaths = (
			);
			runOnlyForDeploymentPostprocessing = 0;
			shellPath = /bin/sh;
			shellScript = "diff \"${PODS_ROOT}/../Podfile.lock\" \"${PODS_ROOT}/Manifest.lock\" > /dev/null\nif [[ $? != 0 ]] ; then\n    cat << EOM\nerror: The sandbox is not in sync with the Podfile.lock. Run 'pod install' or update your CocoaPods installation.\nEOM\n    exit 1\nfi\n";
			showEnvVarsInLog = 0;
		};
		331540994F3D9496D94B76DB /* Embed Pods Frameworks */ = {
			isa = PBXShellScriptBuildPhase;
			buildActionMask = 2147483647;
			files = (
			);
			inputPaths = (
			);
			name = "Embed Pods Frameworks";
			outputPaths = (
			);
			runOnlyForDeploymentPostprocessing = 0;
			shellPath = /bin/sh;
			shellScript = "\"${SRCROOT}/Pods/Target Support Files/Pods-BirthdaySnap/Pods-BirthdaySnap-frameworks.sh\"\n";
			showEnvVarsInLog = 0;
		};
		7E2BC1E2FE19D56B7BDE8AF1 /* Check Pods Manifest.lock */ = {
			isa = PBXShellScriptBuildPhase;
			buildActionMask = 2147483647;
			files = (
			);
			inputPaths = (
			);
			name = "Check Pods Manifest.lock";
			outputPaths = (
			);
			runOnlyForDeploymentPostprocessing = 0;
			shellPath = /bin/sh;
			shellScript = "diff \"${PODS_ROOT}/../Podfile.lock\" \"${PODS_ROOT}/Manifest.lock\" > /dev/null\nif [[ $? != 0 ]] ; then\n    cat << EOM\nerror: The sandbox is not in sync with the Podfile.lock. Run 'pod install' or update your CocoaPods installation.\nEOM\n    exit 1\nfi\n";
			showEnvVarsInLog = 0;
		};
		7E9170B5CF91F832B10B3DBE /* Copy Pods Resources */ = {
			isa = PBXShellScriptBuildPhase;
			buildActionMask = 2147483647;
			files = (
			);
			inputPaths = (
			);
			name = "Copy Pods Resources";
			outputPaths = (
			);
			runOnlyForDeploymentPostprocessing = 0;
			shellPath = /bin/sh;
			shellScript = "\"${SRCROOT}/Pods/Target Support Files/Pods-BirthdaySnapUITests/Pods-BirthdaySnapUITests-resources.sh\"\n";
			showEnvVarsInLog = 0;
		};
		7F80BC33514664C681EA2C72 /* Check Pods Manifest.lock */ = {
			isa = PBXShellScriptBuildPhase;
			buildActionMask = 2147483647;
			files = (
			);
			inputPaths = (
			);
			name = "Check Pods Manifest.lock";
			outputPaths = (
			);
			runOnlyForDeploymentPostprocessing = 0;
			shellPath = /bin/sh;
			shellScript = "diff \"${PODS_ROOT}/../Podfile.lock\" \"${PODS_ROOT}/Manifest.lock\" > /dev/null\nif [[ $? != 0 ]] ; then\n    cat << EOM\nerror: The sandbox is not in sync with the Podfile.lock. Run 'pod install' or update your CocoaPods installation.\nEOM\n    exit 1\nfi\n";
			showEnvVarsInLog = 0;
		};
		C083DA546061DC59AE98BB1B /* Copy Pods Resources */ = {
			isa = PBXShellScriptBuildPhase;
			buildActionMask = 2147483647;
			files = (
			);
			inputPaths = (
			);
			name = "Copy Pods Resources";
			outputPaths = (
			);
			runOnlyForDeploymentPostprocessing = 0;
			shellPath = /bin/sh;
			shellScript = "\"${SRCROOT}/Pods/Target Support Files/Pods-BirthdaySnap/Pods-BirthdaySnap-resources.sh\"\n";
			showEnvVarsInLog = 0;
		};
		E5BB42CC672F2ACBB25A5648 /* Copy Pods Resources */ = {
			isa = PBXShellScriptBuildPhase;
			buildActionMask = 2147483647;
			files = (
			);
			inputPaths = (
			);
			name = "Copy Pods Resources";
			outputPaths = (
			);
			runOnlyForDeploymentPostprocessing = 0;
			shellPath = /bin/sh;
			shellScript = "\"${SRCROOT}/Pods/Target Support Files/Pods-BirthdaySnapTests/Pods-BirthdaySnapTests-resources.sh\"\n";
			showEnvVarsInLog = 0;
		};
		FB06D6D82D69FDF9AD74BFC6 /* Embed Pods Frameworks */ = {
			isa = PBXShellScriptBuildPhase;
			buildActionMask = 2147483647;
			files = (
			);
			inputPaths = (
			);
			name = "Embed Pods Frameworks";
			outputPaths = (
			);
			runOnlyForDeploymentPostprocessing = 0;
			shellPath = /bin/sh;
			shellScript = "\"${SRCROOT}/Pods/Target Support Files/Pods-BirthdaySnapTests/Pods-BirthdaySnapTests-frameworks.sh\"\n";
			showEnvVarsInLog = 0;
		};
/* End PBXShellScriptBuildPhase section */

/* Begin PBXSourcesBuildPhase section */
		E683DFBD1CD3143F00835FFC /* Sources */ = {
			isa = PBXSourcesBuildPhase;
			buildActionMask = 2147483647;
			files = (
				E61970021CD567E8007C0565 /* DetailCollectionViewCell.swift in Sources */,
				E6184BC01CD3284000ECB8E1 /* Constants.swift in Sources */,
				E60DCFBF1CD316C800A28201 /* Flickr.swift in Sources */,
				E683DFC51CD3143F00835FFC /* AppDelegate.swift in Sources */,
				E61970001CD5667B007C0565 /* DetailViewController.swift in Sources */,
				E655B0111CD3FAF600670740 /* PhotosViewController.swift in Sources */,
				E655B0131CD4073700670740 /* PhotosCollectionViewCell.swift in Sources */,
			);
			runOnlyForDeploymentPostprocessing = 0;
		};
		E683DFD11CD3143F00835FFC /* Sources */ = {
			isa = PBXSourcesBuildPhase;
			buildActionMask = 2147483647;
			files = (
				E60DCFBD1CD3163E00A28201 /* FlickrTests.swift in Sources */,
				E683DFDA1CD3143F00835FFC /* BirthdaySnapTests.swift in Sources */,
			);
			runOnlyForDeploymentPostprocessing = 0;
		};
		E683DFDC1CD3143F00835FFC /* Sources */ = {
			isa = PBXSourcesBuildPhase;
			buildActionMask = 2147483647;
			files = (
				E683DFE51CD3143F00835FFC /* BirthdaySnapUITests.swift in Sources */,
			);
			runOnlyForDeploymentPostprocessing = 0;
		};
/* End PBXSourcesBuildPhase section */

/* Begin PBXTargetDependency section */
		E683DFD71CD3143F00835FFC /* PBXTargetDependency */ = {
			isa = PBXTargetDependency;
			target = E683DFC01CD3143F00835FFC /* BirthdaySnap */;
			targetProxy = E683DFD61CD3143F00835FFC /* PBXContainerItemProxy */;
		};
		E683DFE21CD3143F00835FFC /* PBXTargetDependency */ = {
			isa = PBXTargetDependency;
			target = E683DFC01CD3143F00835FFC /* BirthdaySnap */;
			targetProxy = E683DFE11CD3143F00835FFC /* PBXContainerItemProxy */;
		};
/* End PBXTargetDependency section */

/* Begin PBXVariantGroup section */
		E683DFCD1CD3143F00835FFC /* LaunchScreen.storyboard */ = {
			isa = PBXVariantGroup;
			children = (
				E683DFCE1CD3143F00835FFC /* Base */,
			);
			name = LaunchScreen.storyboard;
			sourceTree = "<group>";
		};
/* End PBXVariantGroup section */

/* Begin XCBuildConfiguration section */
		E683DFE71CD3143F00835FFC /* Debug */ = {
			isa = XCBuildConfiguration;
			buildSettings = {
				ALWAYS_SEARCH_USER_PATHS = NO;
				CLANG_CXX_LANGUAGE_STANDARD = "gnu++0x";
				CLANG_CXX_LIBRARY = "libc++";
				CLANG_ENABLE_MODULES = YES;
				CLANG_ENABLE_OBJC_ARC = YES;
				CLANG_WARN_BOOL_CONVERSION = YES;
				CLANG_WARN_CONSTANT_CONVERSION = YES;
				CLANG_WARN_DIRECT_OBJC_ISA_USAGE = YES_ERROR;
				CLANG_WARN_EMPTY_BODY = YES;
				CLANG_WARN_ENUM_CONVERSION = YES;
				CLANG_WARN_INT_CONVERSION = YES;
				CLANG_WARN_OBJC_ROOT_CLASS = YES_ERROR;
				CLANG_WARN_UNREACHABLE_CODE = YES;
				CLANG_WARN__DUPLICATE_METHOD_MATCH = YES;
				"CODE_SIGN_IDENTITY[sdk=iphoneos*]" = "iPhone Developer";
				COPY_PHASE_STRIP = NO;
				DEBUG_INFORMATION_FORMAT = dwarf;
				ENABLE_STRICT_OBJC_MSGSEND = YES;
				ENABLE_TESTABILITY = YES;
				GCC_C_LANGUAGE_STANDARD = gnu99;
				GCC_DYNAMIC_NO_PIC = NO;
				GCC_NO_COMMON_BLOCKS = YES;
				GCC_OPTIMIZATION_LEVEL = 0;
				GCC_PREPROCESSOR_DEFINITIONS = (
					"DEBUG=1",
					"$(inherited)",
				);
				GCC_WARN_64_TO_32_BIT_CONVERSION = YES;
				GCC_WARN_ABOUT_RETURN_TYPE = YES_ERROR;
				GCC_WARN_UNDECLARED_SELECTOR = YES;
				GCC_WARN_UNINITIALIZED_AUTOS = YES_AGGRESSIVE;
				GCC_WARN_UNUSED_FUNCTION = YES;
				GCC_WARN_UNUSED_VARIABLE = YES;
				IPHONEOS_DEPLOYMENT_TARGET = 9.2;
				MTL_ENABLE_DEBUG_INFO = YES;
				ONLY_ACTIVE_ARCH = YES;
				SDKROOT = iphoneos;
				SWIFT_OPTIMIZATION_LEVEL = "-Onone";
				TARGETED_DEVICE_FAMILY = "1,2";
			};
			name = Debug;
		};
		E683DFE81CD3143F00835FFC /* Release */ = {
			isa = XCBuildConfiguration;
			buildSettings = {
				ALWAYS_SEARCH_USER_PATHS = NO;
				CLANG_CXX_LANGUAGE_STANDARD = "gnu++0x";
				CLANG_CXX_LIBRARY = "libc++";
				CLANG_ENABLE_MODULES = YES;
				CLANG_ENABLE_OBJC_ARC = YES;
				CLANG_WARN_BOOL_CONVERSION = YES;
				CLANG_WARN_CONSTANT_CONVERSION = YES;
				CLANG_WARN_DIRECT_OBJC_ISA_USAGE = YES_ERROR;
				CLANG_WARN_EMPTY_BODY = YES;
				CLANG_WARN_ENUM_CONVERSION = YES;
				CLANG_WARN_INT_CONVERSION = YES;
				CLANG_WARN_OBJC_ROOT_CLASS = YES_ERROR;
				CLANG_WARN_UNREACHABLE_CODE = YES;
				CLANG_WARN__DUPLICATE_METHOD_MATCH = YES;
				"CODE_SIGN_IDENTITY[sdk=iphoneos*]" = "iPhone Developer";
				COPY_PHASE_STRIP = NO;
				DEBUG_INFORMATION_FORMAT = "dwarf-with-dsym";
				ENABLE_NS_ASSERTIONS = NO;
				ENABLE_STRICT_OBJC_MSGSEND = YES;
				GCC_C_LANGUAGE_STANDARD = gnu99;
				GCC_NO_COMMON_BLOCKS = YES;
				GCC_WARN_64_TO_32_BIT_CONVERSION = YES;
				GCC_WARN_ABOUT_RETURN_TYPE = YES_ERROR;
				GCC_WARN_UNDECLARED_SELECTOR = YES;
				GCC_WARN_UNINITIALIZED_AUTOS = YES_AGGRESSIVE;
				GCC_WARN_UNUSED_FUNCTION = YES;
				GCC_WARN_UNUSED_VARIABLE = YES;
				IPHONEOS_DEPLOYMENT_TARGET = 9.2;
				MTL_ENABLE_DEBUG_INFO = NO;
				SDKROOT = iphoneos;
				TARGETED_DEVICE_FAMILY = "1,2";
				VALIDATE_PRODUCT = YES;
			};
			name = Release;
		};
		E683DFEA1CD3143F00835FFC /* Debug */ = {
			isa = XCBuildConfiguration;
			baseConfigurationReference = E3B775DA6C23F3454634B1DA /* Pods-BirthdaySnap.debug.xcconfig */;
			buildSettings = {
				ASSETCATALOG_COMPILER_APPICON_NAME = AppIcon;
				DEFINES_MODULE = YES;
				INFOPLIST_FILE = BirthdaySnap/Info.plist;
				IPHONEOS_DEPLOYMENT_TARGET = 8.0;
				LD_RUNPATH_SEARCH_PATHS = "$(inherited) @executable_path/Frameworks";
				PRODUCT_BUNDLE_IDENTIFIER = com.lawrnce.BirthdaySnap;
				PRODUCT_NAME = "$(TARGET_NAME)";
			};
			name = Debug;
		};
		E683DFEB1CD3143F00835FFC /* Release */ = {
			isa = XCBuildConfiguration;
			baseConfigurationReference = 95415916F31A68C06E874C81 /* Pods-BirthdaySnap.release.xcconfig */;
			buildSettings = {
				ASSETCATALOG_COMPILER_APPICON_NAME = AppIcon;
				DEFINES_MODULE = YES;
				INFOPLIST_FILE = BirthdaySnap/Info.plist;
				IPHONEOS_DEPLOYMENT_TARGET = 8.0;
				LD_RUNPATH_SEARCH_PATHS = "$(inherited) @executable_path/Frameworks";
				PRODUCT_BUNDLE_IDENTIFIER = com.lawrnce.BirthdaySnap;
				PRODUCT_NAME = "$(TARGET_NAME)";
			};
			name = Release;
		};
		E683DFED1CD3143F00835FFC /* Debug */ = {
			isa = XCBuildConfiguration;
			baseConfigurationReference = 4593C76A915DB7F526CAAA58 /* Pods-BirthdaySnapTests.debug.xcconfig */;
			buildSettings = {
				BUNDLE_LOADER = "$(TEST_HOST)";
				INFOPLIST_FILE = BirthdaySnapTests/Info.plist;
				LD_RUNPATH_SEARCH_PATHS = "$(inherited) @executable_path/Frameworks @loader_path/Frameworks";
				PRODUCT_BUNDLE_IDENTIFIER = com.lawrnce.BirthdaySnapTests;
				PRODUCT_NAME = "$(TARGET_NAME)";
				TEST_HOST = "$(BUILT_PRODUCTS_DIR)/BirthdaySnap.app/BirthdaySnap";
			};
			name = Debug;
		};
		E683DFEE1CD3143F00835FFC /* Release */ = {
			isa = XCBuildConfiguration;
			baseConfigurationReference = 70577977A7CDA81C89F1BD59 /* Pods-BirthdaySnapTests.release.xcconfig */;
			buildSettings = {
				BUNDLE_LOADER = "$(TEST_HOST)";
				INFOPLIST_FILE = BirthdaySnapTests/Info.plist;
				LD_RUNPATH_SEARCH_PATHS = "$(inherited) @executable_path/Frameworks @loader_path/Frameworks";
				PRODUCT_BUNDLE_IDENTIFIER = com.lawrnce.BirthdaySnapTests;
				PRODUCT_NAME = "$(TARGET_NAME)";
				TEST_HOST = "$(BUILT_PRODUCTS_DIR)/BirthdaySnap.app/BirthdaySnap";
			};
			name = Release;
		};
		E683DFF01CD3143F00835FFC /* Debug */ = {
			isa = XCBuildConfiguration;
			baseConfigurationReference = A3F8E7711F2256A928A894B1 /* Pods-BirthdaySnapUITests.debug.xcconfig */;
			buildSettings = {
				INFOPLIST_FILE = BirthdaySnapUITests/Info.plist;
				LD_RUNPATH_SEARCH_PATHS = "$(inherited) @executable_path/Frameworks @loader_path/Frameworks";
				PRODUCT_BUNDLE_IDENTIFIER = com.lawrnce.BirthdaySnapUITests;
				PRODUCT_NAME = "$(TARGET_NAME)";
				TEST_TARGET_NAME = BirthdaySnap;
				USES_XCTRUNNER = YES;
			};
			name = Debug;
		};
		E683DFF11CD3143F00835FFC /* Release */ = {
			isa = XCBuildConfiguration;
			baseConfigurationReference = 4DD450A103AD01B1837C9BAF /* Pods-BirthdaySnapUITests.release.xcconfig */;
			buildSettings = {
				INFOPLIST_FILE = BirthdaySnapUITests/Info.plist;
				LD_RUNPATH_SEARCH_PATHS = "$(inherited) @executable_path/Frameworks @loader_path/Frameworks";
				PRODUCT_BUNDLE_IDENTIFIER = com.lawrnce.BirthdaySnapUITests;
				PRODUCT_NAME = "$(TARGET_NAME)";
				TEST_TARGET_NAME = BirthdaySnap;
				USES_XCTRUNNER = YES;
			};
			name = Release;
		};
/* End XCBuildConfiguration section */

/* Begin XCConfigurationList section */
		E683DFBC1CD3143F00835FFC /* Build configuration list for PBXProject "BirthdaySnap" */ = {
			isa = XCConfigurationList;
			buildConfigurations = (
				E683DFE71CD3143F00835FFC /* Debug */,
				E683DFE81CD3143F00835FFC /* Release */,
			);
			defaultConfigurationIsVisible = 0;
			defaultConfigurationName = Release;
		};
		E683DFE91CD3143F00835FFC /* Build configuration list for PBXNativeTarget "BirthdaySnap" */ = {
			isa = XCConfigurationList;
			buildConfigurations = (
				E683DFEA1CD3143F00835FFC /* Debug */,
				E683DFEB1CD3143F00835FFC /* Release */,
			);
			defaultConfigurationIsVisible = 0;
			defaultConfigurationName = Release;
		};
		E683DFEC1CD3143F00835FFC /* Build configuration list for PBXNativeTarget "BirthdaySnapTests" */ = {
			isa = XCConfigurationList;
			buildConfigurations = (
				E683DFED1CD3143F00835FFC /* Debug */,
				E683DFEE1CD3143F00835FFC /* Release */,
			);
			defaultConfigurationIsVisible = 0;
			defaultConfigurationName = Release;
		};
		E683DFEF1CD3143F00835FFC /* Build configuration list for PBXNativeTarget "BirthdaySnapUITests" */ = {
			isa = XCConfigurationList;
			buildConfigurations = (
				E683DFF01CD3143F00835FFC /* Debug */,
				E683DFF11CD3143F00835FFC /* Release */,
			);
			defaultConfigurationIsVisible = 0;
			defaultConfigurationName = Release;
		};
/* End XCConfigurationList section */
	};
	rootObject = E683DFB91CD3143F00835FFC /* Project object */;
}
